// !$*UTF8*$!
{
	archiveVersion = 1;
	classes = {
	};
	objectVersion = 77;
	objects = {

/* Begin PBXBuildFile section */
		0712AB80BF9E4EB7BCBFDC3C /* HeaderView.swift in Sources */ = {isa = PBXBuildFile; fileRef = 593EA58B2F163853E08334CD /* HeaderView.swift */; };
		0E121BC0668C568FFFBE7E7B /* DemoFlowUITests.swift in Sources */ = {isa = PBXBuildFile; fileRef = 662F3CB608F51B24D978905E /* DemoFlowUITests.swift */; };
		12D3FAF8BAA2775373A8BC46 /* StatsView.swift in Sources */ = {isa = PBXBuildFile; fileRef = 156AA7FE63DC7ED492314667 /* StatsView.swift */; };
		154B044C0326A92C8A35658B /* StreamProbe.xcframework in Frameworks */ = {isa = PBXBuildFile; fileRef = 62BCEDD1806CAC0922999B58 /* StreamProbe.xcframework */; };
		15F5B46D3D15D9AA7043013F /* OverlayPanelView.swift in Sources */ = {isa = PBXBuildFile; fileRef = BF1A23958C7859C2654EAA0B /* OverlayPanelView.swift */; };
		21BFFA625046939060B83347 /* OverlayHostViewController.swift in Sources */ = {isa = PBXBuildFile; fileRef = 00CC377686B5AC391DF6D3AC /* OverlayHostViewController.swift */; };
		322DB1DA713B4A86D5A2A9E5 /* DrmCell.swift in Sources */ = {isa = PBXBuildFile; fileRef = EF1A2BB845270FDA6C023BA0 /* DrmCell.swift */; };
		3862E45FAC130164DB8CA3A6 /* A11yIdentifiers.swift in Sources */ = {isa = PBXBuildFile; fileRef = 59005B23C8BA329E9C02720A /* A11yIdentifiers.swift */; };
		5636038FAFFCD9B09F318260 /* StreamProbeOverlayWindow.swift in Sources */ = {isa = PBXBuildFile; fileRef = 4B0CDDA167603EAD06284B99 /* StreamProbeOverlayWindow.swift */; };
		57F2B08B42D7DD9391B1FA60 /* OverlayTheme.swift in Sources */ = {isa = PBXBuildFile; fileRef = 6D5220A894DBA7DE28C1644C /* OverlayTheme.swift */; };
		58F2E37C983B727C62E458B3 /* OverlayTableDataSource.swift in Sources */ = {isa = PBXBuildFile; fileRef = 8E40C83D1C7E41A25D170C1A /* OverlayTableDataSource.swift */; };
		6415A66FFC7F266EFB2CEECA /* ChipBarView.swift in Sources */ = {isa = PBXBuildFile; fileRef = 853B5198A8E8BE62295090B6 /* ChipBarView.swift */; };
		663182D674DF8538DF7574C9 /* StreamCatalogTests.swift in Sources */ = {isa = PBXBuildFile; fileRef = A60F37E0601F1176009B36AB /* StreamCatalogTests.swift */; };
		6DD12A47825F093C7F92B4C1 /* SwitchCell.swift in Sources */ = {isa = PBXBuildFile; fileRef = 9CB5F09BFC24A9D67CC63E5F /* SwitchCell.swift */; };
		8FAFEC0B24682CF5BDDC53AD /* AppDelegate.swift in Sources */ = {isa = PBXBuildFile; fileRef = B43EC0E08445403CA0A6D591 /* AppDelegate.swift */; };
		962F1BD451E0F714BADA71EF /* ErrorsHeaderView.swift in Sources */ = {isa = PBXBuildFile; fileRef = 1BC383BD6B9B867AF0B1A2B6 /* ErrorsHeaderView.swift */; };
		9DFB73C5126A1F9D54EEB4C4 /* StreamProbe.xcframework in Embed Frameworks */ = {isa = PBXBuildFile; fileRef = 62BCEDD1806CAC0922999B58 /* StreamProbe.xcframework */; settings = {ATTRIBUTES = (RemoveHeadersOnCopy, ); }; };
		A8B4DA79DC497F872E9EB9AF /* RenditionCell.swift in Sources */ = {isa = PBXBuildFile; fileRef = 1328921200E0857E444CC40B /* RenditionCell.swift */; };
		ACDC28B5481B5C9671FC98B6 /* PlayerViewController.swift in Sources */ = {isa = PBXBuildFile; fileRef = 0CCE4DF50A8C4E8D3BCFFDC7 /* PlayerViewController.swift */; };
		BAD074E953D5F3F6F43A8728 /* SceneDelegate.swift in Sources */ = {isa = PBXBuildFile; fileRef = 8BA404AA9251B5A81FE46680 /* SceneDelegate.swift */; };
		BBBAD9D7D14C73E512ADF068 /* SegmentCell.swift in Sources */ = {isa = PBXBuildFile; fileRef = DAF43B1C28041021D4A56765 /* SegmentCell.swift */; };
		D991995ADDEFD7D537CF46A5 /* OverlayFormattersSwift.swift in Sources */ = {isa = PBXBuildFile; fileRef = AF7C1E02DF704534185B8FDF /* OverlayFormattersSwift.swift */; };
		F49E12030A92607708478484 /* ErrorCell.swift in Sources */ = {isa = PBXBuildFile; fileRef = BC9DEEC6D34CDF51F2A77638 /* ErrorCell.swift */; };
/* End PBXBuildFile section */

/* Begin PBXContainerItemProxy section */
		0FBF91AC48015D09643FAF6B /* PBXContainerItemProxy */ = {
			isa = PBXContainerItemProxy;
			containerPortal = 242FB5348943441C388468CE /* Project object */;
			proxyType = 1;
			remoteGlobalIDString = 78B53CC79860CBFC2F5543C6;
			remoteInfo = iosApp;
		};
		AF7B34C8ADC44424B579AC0A /* PBXContainerItemProxy */ = {
			isa = PBXContainerItemProxy;
			containerPortal = 242FB5348943441C388468CE /* Project object */;
			proxyType = 1;
			remoteGlobalIDString = 78B53CC79860CBFC2F5543C6;
			remoteInfo = iosApp;
		};
/* End PBXContainerItemProxy section */

/* Begin PBXCopyFilesBuildPhase section */
		DB76241340C08196BD9C492C /* Embed Frameworks */ = {
			isa = PBXCopyFilesBuildPhase;
			buildActionMask = 2147483647;
			dstPath = "";
			dstSubfolderSpec = 10;
			files = (
				9DFB73C5126A1F9D54EEB4C4 /* StreamProbe.xcframework in Embed Frameworks */,
			);
			name = "Embed Frameworks";
			runOnlyForDeploymentPostprocessing = 0;
		};
/* End PBXCopyFilesBuildPhase section */

/* Begin PBXFileReference section */
		00CC377686B5AC391DF6D3AC /* OverlayHostViewController.swift */ = {isa = PBXFileReference; lastKnownFileType = sourcecode.swift; path = OverlayHostViewController.swift; sourceTree = "<group>"; };
		0CCE4DF50A8C4E8D3BCFFDC7 /* PlayerViewController.swift */ = {isa = PBXFileReference; lastKnownFileType = sourcecode.swift; path = PlayerViewController.swift; sourceTree = "<group>"; };
		1328921200E0857E444CC40B /* RenditionCell.swift */ = {isa = PBXFileReference; lastKnownFileType = sourcecode.swift; path = RenditionCell.swift; sourceTree = "<group>"; };
		156AA7FE63DC7ED492314667 /* StatsView.swift */ = {isa = PBXFileReference; lastKnownFileType = sourcecode.swift; path = StatsView.swift; sourceTree = "<group>"; };
		1BC383BD6B9B867AF0B1A2B6 /* ErrorsHeaderView.swift */ = {isa = PBXFileReference; lastKnownFileType = sourcecode.swift; path = ErrorsHeaderView.swift; sourceTree = "<group>"; };
		323906AFB18147ABEDEBDB38 /* iosAppUITests.xctest */ = {isa = PBXFileReference; includeInIndex = 0; lastKnownFileType = wrapper.cfbundle; path = iosAppUITests.xctest; sourceTree = BUILT_PRODUCTS_DIR; };
		4B0CDDA167603EAD06284B99 /* StreamProbeOverlayWindow.swift */ = {isa = PBXFileReference; lastKnownFileType = sourcecode.swift; path = StreamProbeOverlayWindow.swift; sourceTree = "<group>"; };
		56583BC252B5F01ED9DEA19D /* iosAppTests.xctest */ = {isa = PBXFileReference; includeInIndex = 0; lastKnownFileType = wrapper.cfbundle; path = iosAppTests.xctest; sourceTree = BUILT_PRODUCTS_DIR; };
		59005B23C8BA329E9C02720A /* A11yIdentifiers.swift */ = {isa = PBXFileReference; lastKnownFileType = sourcecode.swift; path = A11yIdentifiers.swift; sourceTree = "<group>"; };
		593EA58B2F163853E08334CD /* HeaderView.swift */ = {isa = PBXFileReference; lastKnownFileType = sourcecode.swift; path = HeaderView.swift; sourceTree = "<group>"; };
		62BCEDD1806CAC0922999B58 /* StreamProbe.xcframework */ = {isa = PBXFileReference; lastKnownFileType = wrapper.xcframework; name = StreamProbe.xcframework; path = ../sdk/build/XCFrameworks/debug/StreamProbe.xcframework; sourceTree = "<group>"; };
		662F3CB608F51B24D978905E /* DemoFlowUITests.swift */ = {isa = PBXFileReference; lastKnownFileType = sourcecode.swift; path = DemoFlowUITests.swift; sourceTree = "<group>"; };
		6D5220A894DBA7DE28C1644C /* OverlayTheme.swift */ = {isa = PBXFileReference; lastKnownFileType = sourcecode.swift; path = OverlayTheme.swift; sourceTree = "<group>"; };
		853B5198A8E8BE62295090B6 /* ChipBarView.swift */ = {isa = PBXFileReference; lastKnownFileType = sourcecode.swift; path = ChipBarView.swift; sourceTree = "<group>"; };
		86038AE1032E284E79B32AD6 /* iosApp.app */ = {isa = PBXFileReference; includeInIndex = 0; lastKnownFileType = wrapper.application; path = iosApp.app; sourceTree = BUILT_PRODUCTS_DIR; };
		8BA404AA9251B5A81FE46680 /* SceneDelegate.swift */ = {isa = PBXFileReference; lastKnownFileType = sourcecode.swift; path = SceneDelegate.swift; sourceTree = "<group>"; };
		8E40C83D1C7E41A25D170C1A /* OverlayTableDataSource.swift */ = {isa = PBXFileReference; lastKnownFileType = sourcecode.swift; path = OverlayTableDataSource.swift; sourceTree = "<group>"; };
		9CB5F09BFC24A9D67CC63E5F /* SwitchCell.swift */ = {isa = PBXFileReference; lastKnownFileType = sourcecode.swift; path = SwitchCell.swift; sourceTree = "<group>"; };
		A60F37E0601F1176009B36AB /* StreamCatalogTests.swift */ = {isa = PBXFileReference; lastKnownFileType = sourcecode.swift; path = StreamCatalogTests.swift; sourceTree = "<group>"; };
		AF7C1E02DF704534185B8FDF /* OverlayFormattersSwift.swift */ = {isa = PBXFileReference; lastKnownFileType = sourcecode.swift; path = OverlayFormattersSwift.swift; sourceTree = "<group>"; };
		B43EC0E08445403CA0A6D591 /* AppDelegate.swift */ = {isa = PBXFileReference; lastKnownFileType = sourcecode.swift; path = AppDelegate.swift; sourceTree = "<group>"; };
		BC9DEEC6D34CDF51F2A77638 /* ErrorCell.swift */ = {isa = PBXFileReference; lastKnownFileType = sourcecode.swift; path = ErrorCell.swift; sourceTree = "<group>"; };
		BF1A23958C7859C2654EAA0B /* OverlayPanelView.swift */ = {isa = PBXFileReference; lastKnownFileType = sourcecode.swift; path = OverlayPanelView.swift; sourceTree = "<group>"; };
		C4BF0AF8888E75D06A7B209F /* Info.plist */ = {isa = PBXFileReference; lastKnownFileType = text.plist; path = Info.plist; sourceTree = "<group>"; };
		DAF43B1C28041021D4A56765 /* SegmentCell.swift */ = {isa = PBXFileReference; lastKnownFileType = sourcecode.swift; path = SegmentCell.swift; sourceTree = "<group>"; };
		EF1A2BB845270FDA6C023BA0 /* DrmCell.swift */ = {isa = PBXFileReference; lastKnownFileType = sourcecode.swift; path = DrmCell.swift; sourceTree = "<group>"; };
/* End PBXFileReference section */

/* Begin PBXFrameworksBuildPhase section */
		EF8A6E9BFD470986D9D5C9B5 /* Frameworks */ = {
			isa = PBXFrameworksBuildPhase;
			buildActionMask = 2147483647;
			files = (
				154B044C0326A92C8A35658B /* StreamProbe.xcframework in Frameworks */,
			);
			runOnlyForDeploymentPostprocessing = 0;
		};
/* End PBXFrameworksBuildPhase section */

/* Begin PBXGroup section */
		1DB4B685CAEE8BEFEBBAEF94 /* iosApp */ = {
			isa = PBXGroup;
			children = (
				5DBDE60058A6672895D37E2A /* App */,
				F6E07FAD03EAD8D773A2D6E8 /* Overlay */,
				1EEC3D4E9285A39087C3ADA0 /* Resources */,
				E3A8C0381F8CADD141E02FA2 /* Support */,
			);
			path = iosApp;
			sourceTree = "<group>";
		};
		1EEC3D4E9285A39087C3ADA0 /* Resources */ = {
			isa = PBXGroup;
			children = (
				C4BF0AF8888E75D06A7B209F /* Info.plist */,
			);
			path = Resources;
			sourceTree = "<group>";
		};
		3666012298E772D226418813 /* Frameworks */ = {
			isa = PBXGroup;
			children = (
				62BCEDD1806CAC0922999B58 /* StreamProbe.xcframework */,
			);
			name = Frameworks;
			sourceTree = "<group>";
		};
		38B69C3F79CD97858CF7B609 = {
			isa = PBXGroup;
			children = (
				1DB4B685CAEE8BEFEBBAEF94 /* iosApp */,
				407F741E7FEBA273A8579B0E /* iosAppTests */,
				FC16215C5E8EEAF655CB992F /* iosAppUITests */,
				3666012298E772D226418813 /* Frameworks */,
				94C98B8B3A2BFC1966447269 /* Products */,
			);
			sourceTree = "<group>";
		};
		407F741E7FEBA273A8579B0E /* iosAppTests */ = {
			isa = PBXGroup;
			children = (
				A60F37E0601F1176009B36AB /* StreamCatalogTests.swift */,
			);
			path = iosAppTests;
			sourceTree = "<group>";
		};
		5DBDE60058A6672895D37E2A /* App */ = {
			isa = PBXGroup;
			children = (
				B43EC0E08445403CA0A6D591 /* AppDelegate.swift */,
				0CCE4DF50A8C4E8D3BCFFDC7 /* PlayerViewController.swift */,
				8BA404AA9251B5A81FE46680 /* SceneDelegate.swift */,
			);
			path = App;
			sourceTree = "<group>";
		};
		94C98B8B3A2BFC1966447269 /* Products */ = {
			isa = PBXGroup;
			children = (
				86038AE1032E284E79B32AD6 /* iosApp.app */,
				56583BC252B5F01ED9DEA19D /* iosAppTests.xctest */,
				323906AFB18147ABEDEBDB38 /* iosAppUITests.xctest */,
			);
			name = Products;
			sourceTree = "<group>";
		};
		E3A8C0381F8CADD141E02FA2 /* Support */ = {
			isa = PBXGroup;
			children = (
				59005B23C8BA329E9C02720A /* A11yIdentifiers.swift */,
			);
			path = Support;
			sourceTree = "<group>";
		};
		F6E07FAD03EAD8D773A2D6E8 /* Overlay */ = {
			isa = PBXGroup;
			children = (
				853B5198A8E8BE62295090B6 /* ChipBarView.swift */,
				EF1A2BB845270FDA6C023BA0 /* DrmCell.swift */,
				BC9DEEC6D34CDF51F2A77638 /* ErrorCell.swift */,
				1BC383BD6B9B867AF0B1A2B6 /* ErrorsHeaderView.swift */,
				593EA58B2F163853E08334CD /* HeaderView.swift */,
				AF7C1E02DF704534185B8FDF /* OverlayFormattersSwift.swift */,
				00CC377686B5AC391DF6D3AC /* OverlayHostViewController.swift */,
				BF1A23958C7859C2654EAA0B /* OverlayPanelView.swift */,
				8E40C83D1C7E41A25D170C1A /* OverlayTableDataSource.swift */,
				6D5220A894DBA7DE28C1644C /* OverlayTheme.swift */,
				1328921200E0857E444CC40B /* RenditionCell.swift */,
				DAF43B1C28041021D4A56765 /* SegmentCell.swift */,
				156AA7FE63DC7ED492314667 /* StatsView.swift */,
				4B0CDDA167603EAD06284B99 /* StreamProbeOverlayWindow.swift */,
				9CB5F09BFC24A9D67CC63E5F /* SwitchCell.swift */,
			);
			path = Overlay;
			sourceTree = "<group>";
		};
		FC16215C5E8EEAF655CB992F /* iosAppUITests */ = {
			isa = PBXGroup;
			children = (
				662F3CB608F51B24D978905E /* DemoFlowUITests.swift */,
			);
			path = iosAppUITests;
			sourceTree = "<group>";
		};
/* End PBXGroup section */

/* Begin PBXNativeTarget section */
		78B53CC79860CBFC2F5543C6 /* iosApp */ = {
			isa = PBXNativeTarget;
			buildConfigurationList = 29DCA9F0B3A40325067EB163 /* Build configuration list for PBXNativeTarget "iosApp" */;
			buildPhases = (
				297B59D9CE634556D6007C40 /* Sources */,
				EF8A6E9BFD470986D9D5C9B5 /* Frameworks */,
				DB76241340C08196BD9C492C /* Embed Frameworks */,
			);
			buildRules = (
			);
			dependencies = (
			);
			name = iosApp;
			packageProductDependencies = (
			);
			productName = iosApp;
			productReference = 86038AE1032E284E79B32AD6 /* iosApp.app */;
			productType = "com.apple.product-type.application";
		};
		C6FCE5742C7A4D59A165E213 /* iosAppUITests */ = {
			isa = PBXNativeTarget;
			buildConfigurationList = 23A9D56B778ED352702A9EC4 /* Build configuration list for PBXNativeTarget "iosAppUITests" */;
			buildPhases = (
				230C1ACAE727061B7F5FBD3D /* Sources */,
			);
			buildRules = (
			);
			dependencies = (
				1155A4D5B3A0F847BB943AC1 /* PBXTargetDependency */,
			);
			name = iosAppUITests;
			packageProductDependencies = (
			);
			productName = iosAppUITests;
			productReference = 323906AFB18147ABEDEBDB38 /* iosAppUITests.xctest */;
			productType = "com.apple.product-type.bundle.ui-testing";
		};
		EDDC9037D014CD9DDCA653AC /* iosAppTests */ = {
			isa = PBXNativeTarget;
			buildConfigurationList = D61171475B3FE2835E331C49 /* Build configuration list for PBXNativeTarget "iosAppTests" */;
			buildPhases = (
				3CB0F17B3E63CC78541E1D6D /* Sources */,
			);
			buildRules = (
			);
			dependencies = (
				D6369A31B29DDC1641D6E6F0 /* PBXTargetDependency */,
			);
			name = iosAppTests;
			packageProductDependencies = (
			);
			productName = iosAppTests;
			productReference = 56583BC252B5F01ED9DEA19D /* iosAppTests.xctest */;
			productType = "com.apple.product-type.bundle.unit-test";
		};
/* End PBXNativeTarget section */

/* Begin PBXProject section */
		242FB5348943441C388468CE /* Project object */ = {
			isa = PBXProject;
			attributes = {
				BuildIndependentTargetsInParallel = YES;
				LastUpgradeCheck = 1600;
				TargetAttributes = {
					C6FCE5742C7A4D59A165E213 = {
						TestTargetID = 78B53CC79860CBFC2F5543C6;
					};
				};
			};
			buildConfigurationList = FF7CA1CA754D017066F1822F /* Build configuration list for PBXProject "iosApp" */;
			developmentRegion = en;
			hasScannedForEncodings = 0;
			knownRegions = (
				Base,
				en,
			);
			mainGroup = 38B69C3F79CD97858CF7B609;
			minimizedProjectReferenceProxies = 1;
			preferredProjectObjectVersion = 77;
			productRefGroup = 94C98B8B3A2BFC1966447269 /* Products */;
			projectDirPath = "";
			projectRoot = "";
			targets = (
				78B53CC79860CBFC2F5543C6 /* iosApp */,
				EDDC9037D014CD9DDCA653AC /* iosAppTests */,
				C6FCE5742C7A4D59A165E213 /* iosAppUITests */,
			);
		};
/* End PBXProject section */

/* Begin PBXSourcesBuildPhase section */
		230C1ACAE727061B7F5FBD3D /* Sources */ = {
			isa = PBXSourcesBuildPhase;
			buildActionMask = 2147483647;
			files = (
				0E121BC0668C568FFFBE7E7B /* DemoFlowUITests.swift in Sources */,
			);
			runOnlyForDeploymentPostprocessing = 0;
		};
		297B59D9CE634556D6007C40 /* Sources */ = {
			isa = PBXSourcesBuildPhase;
			buildActionMask = 2147483647;
			files = (
				3862E45FAC130164DB8CA3A6 /* A11yIdentifiers.swift in Sources */,
				8FAFEC0B24682CF5BDDC53AD /* AppDelegate.swift in Sources */,
				6415A66FFC7F266EFB2CEECA /* ChipBarView.swift in Sources */,
				322DB1DA713B4A86D5A2A9E5 /* DrmCell.swift in Sources */,
				F49E12030A92607708478484 /* ErrorCell.swift in Sources */,
				962F1BD451E0F714BADA71EF /* ErrorsHeaderView.swift in Sources */,
				0712AB80BF9E4EB7BCBFDC3C /* HeaderView.swift in Sources */,
				D991995ADDEFD7D537CF46A5 /* OverlayFormattersSwift.swift in Sources */,
				21BFFA625046939060B83347 /* OverlayHostViewController.swift in Sources */,
				15F5B46D3D15D9AA7043013F /* OverlayPanelView.swift in Sources */,
				58F2E37C983B727C62E458B3 /* OverlayTableDataSource.swift in Sources */,
				57F2B08B42D7DD9391B1FA60 /* OverlayTheme.swift in Sources */,
				ACDC28B5481B5C9671FC98B6 /* PlayerViewController.swift in Sources */,
				A8B4DA79DC497F872E9EB9AF /* RenditionCell.swift in Sources */,
				BAD074E953D5F3F6F43A8728 /* SceneDelegate.swift in Sources */,
				BBBAD9D7D14C73E512ADF068 /* SegmentCell.swift in Sources */,
				12D3FAF8BAA2775373A8BC46 /* StatsView.swift in Sources */,
				5636038FAFFCD9B09F318260 /* StreamProbeOverlayWindow.swift in Sources */,
				6DD12A47825F093C7F92B4C1 /* SwitchCell.swift in Sources */,
			);
			runOnlyForDeploymentPostprocessing = 0;
		};
		3CB0F17B3E63CC78541E1D6D /* Sources */ = {
			isa = PBXSourcesBuildPhase;
			buildActionMask = 2147483647;
			files = (
				663182D674DF8538DF7574C9 /* StreamCatalogTests.swift in Sources */,
			);
			runOnlyForDeploymentPostprocessing = 0;
		};
/* End PBXSourcesBuildPhase section */

/* Begin PBXTargetDependency section */
		1155A4D5B3A0F847BB943AC1 /* PBXTargetDependency */ = {
			isa = PBXTargetDependency;
			target = 78B53CC79860CBFC2F5543C6 /* iosApp */;
			targetProxy = AF7B34C8ADC44424B579AC0A /* PBXContainerItemProxy */;
		};
		D6369A31B29DDC1641D6E6F0 /* PBXTargetDependency */ = {
			isa = PBXTargetDependency;
			target = 78B53CC79860CBFC2F5543C6 /* iosApp */;
			targetProxy = 0FBF91AC48015D09643FAF6B /* PBXContainerItemProxy */;
		};
/* End PBXTargetDependency section */

/* Begin XCBuildConfiguration section */
		11814011E7D6EC822BFBC66D /* Release */ = {
			isa = XCBuildConfiguration;
			buildSettings = {
				ALWAYS_SEARCH_USER_PATHS = NO;
				CLANG_ANALYZER_NONNULL = YES;
				CLANG_ANALYZER_NUMBER_OBJECT_CONVERSION = YES_AGGRESSIVE;
				CLANG_CXX_LANGUAGE_STANDARD = "gnu++14";
				CLANG_CXX_LIBRARY = "libc++";
				CLANG_ENABLE_MODULES = YES;
				CLANG_ENABLE_OBJC_ARC = YES;
				CLANG_ENABLE_OBJC_WEAK = YES;
				CLANG_WARN_BLOCK_CAPTURE_AUTORELEASING = YES;
				CLANG_WARN_BOOL_CONVERSION = YES;
				CLANG_WARN_COMMA = YES;
				CLANG_WARN_CONSTANT_CONVERSION = YES;
				CLANG_WARN_DEPRECATED_OBJC_IMPLEMENTATIONS = YES;
				CLANG_WARN_DIRECT_OBJC_ISA_USAGE = YES_ERROR;
				CLANG_WARN_DOCUMENTATION_COMMENTS = YES;
				CLANG_WARN_EMPTY_BODY = YES;
				CLANG_WARN_ENUM_CONVERSION = YES;
				CLANG_WARN_INFINITE_RECURSION = YES;
				CLANG_WARN_INT_CONVERSION = YES;
				CLANG_WARN_NON_LITERAL_NULL_CONVERSION = YES;
				CLANG_WARN_OBJC_IMPLICIT_RETAIN_SELF = YES;
				CLANG_WARN_OBJC_LITERAL_CONVERSION = YES;
				CLANG_WARN_OBJC_ROOT_CLASS = YES_ERROR;
				CLANG_WARN_QUOTED_INCLUDE_IN_FRAMEWORK_HEADER = YES;
				CLANG_WARN_RANGE_LOOP_ANALYSIS = YES;
				CLANG_WARN_STRICT_PROTOTYPES = YES;
				CLANG_WARN_SUSPICIOUS_MOVE = YES;
				CLANG_WARN_UNGUARDED_AVAILABILITY = YES_AGGRESSIVE;
				CLANG_WARN_UNREACHABLE_CODE = YES;
				CLANG_WARN__DUPLICATE_METHOD_MATCH = YES;
				COPY_PHASE_STRIP = NO;
				DEBUG_INFORMATION_FORMAT = "dwarf-with-dsym";
				ENABLE_NS_ASSERTIONS = NO;
				ENABLE_STRICT_OBJC_MSGSEND = YES;
				GCC_C_LANGUAGE_STANDARD = gnu11;
				GCC_NO_COMMON_BLOCKS = YES;
				GCC_WARN_64_TO_32_BIT_CONVERSION = YES;
				GCC_WARN_ABOUT_RETURN_TYPE = YES_ERROR;
				GCC_WARN_UNDECLARED_SELECTOR = YES;
				GCC_WARN_UNINITIALIZED_AUTOS = YES_AGGRESSIVE;
				GCC_WARN_UNUSED_FUNCTION = YES;
				GCC_WARN_UNUSED_VARIABLE = YES;
				IPHONEOS_DEPLOYMENT_TARGET = 15.0;
				MTL_ENABLE_DEBUG_INFO = NO;
				MTL_FAST_MATH = YES;
				PRODUCT_NAME = "$(TARGET_NAME)";
				SDKROOT = iphoneos;
				SWIFT_COMPILATION_MODE = wholemodule;
				SWIFT_OPTIMIZATION_LEVEL = "-O";
				SWIFT_VERSION = 5.0;
			};
			name = Release;
		};
		24229CBC853481EF040BD930 /* Debug */ = {
			isa = XCBuildConfiguration;
			buildSettings = {
				BUNDLE_LOADER = "$(TEST_HOST)";
				IPHONEOS_DEPLOYMENT_TARGET = 15.0;
				LD_RUNPATH_SEARCH_PATHS = (
					"$(inherited)",
					"@executable_path/Frameworks",
					"@loader_path/Frameworks",
				);
				PRODUCT_BUNDLE_IDENTIFIER = com.streamprobe.iosAppTests;
				SDKROOT = iphoneos;
				SWIFT_VERSION = 5.0;
				TARGETED_DEVICE_FAMILY = "1,2";
				TEST_HOST = "$(BUILT_PRODUCTS_DIR)/iosApp.app/iosApp";
			};
			name = Debug;
		};
		658C518871404178F6E62E6C /* Release */ = {
			isa = XCBuildConfiguration;
			buildSettings = {
				BUNDLE_LOADER = "$(TEST_HOST)";
				IPHONEOS_DEPLOYMENT_TARGET = 15.0;
				LD_RUNPATH_SEARCH_PATHS = (
					"$(inherited)",
					"@executable_path/Frameworks",
					"@loader_path/Frameworks",
				);
				PRODUCT_BUNDLE_IDENTIFIER = com.streamprobe.iosAppTests;
				SDKROOT = iphoneos;
				SWIFT_VERSION = 5.0;
				TARGETED_DEVICE_FAMILY = "1,2";
				TEST_HOST = "$(BUILT_PRODUCTS_DIR)/iosApp.app/iosApp";
			};
			name = Release;
		};
		68B872497F35811E133D4018 /* Release */ = {
			isa = XCBuildConfiguration;
			buildSettings = {
				BUNDLE_LOADER = "$(TEST_HOST)";
				IPHONEOS_DEPLOYMENT_TARGET = 15.0;
				LD_RUNPATH_SEARCH_PATHS = (
					"$(inherited)",
					"@executable_path/Frameworks",
					"@loader_path/Frameworks",
				);
				PRODUCT_BUNDLE_IDENTIFIER = com.streamprobe.iosAppUITests;
				SDKROOT = iphoneos;
				SWIFT_VERSION = 5.0;
				TARGETED_DEVICE_FAMILY = "1,2";
				TEST_TARGET_NAME = iosApp;
			};
			name = Release;
		};
		6C824A6EB4BAD43AE2A4BB29 /* Debug */ = {
			isa = XCBuildConfiguration;
			buildSettings = {
				ALWAYS_SEARCH_USER_PATHS = NO;
				CLANG_ANALYZER_NONNULL = YES;
				CLANG_ANALYZER_NUMBER_OBJECT_CONVERSION = YES_AGGRESSIVE;
				CLANG_CXX_LANGUAGE_STANDARD = "gnu++14";
				CLANG_CXX_LIBRARY = "libc++";
				CLANG_ENABLE_MODULES = YES;
				CLANG_ENABLE_OBJC_ARC = YES;
				CLANG_ENABLE_OBJC_WEAK = YES;
				CLANG_WARN_BLOCK_CAPTURE_AUTORELEASING = YES;
				CLANG_WARN_BOOL_CONVERSION = YES;
				CLANG_WARN_COMMA = YES;
				CLANG_WARN_CONSTANT_CONVERSION = YES;
				CLANG_WARN_DEPRECATED_OBJC_IMPLEMENTATIONS = YES;
				CLANG_WARN_DIRECT_OBJC_ISA_USAGE = YES_ERROR;
				CLANG_WARN_DOCUMENTATION_COMMENTS = YES;
				CLANG_WARN_EMPTY_BODY = YES;
				CLANG_WARN_ENUM_CONVERSION = YES;
				CLANG_WARN_INFINITE_RECURSION = YES;
				CLANG_WARN_INT_CONVERSION = YES;
				CLANG_WARN_NON_LITERAL_NULL_CONVERSION = YES;
				CLANG_WARN_OBJC_IMPLICIT_RETAIN_SELF = YES;
				CLANG_WARN_OBJC_LITERAL_CONVERSION = YES;
				CLANG_WARN_OBJC_ROOT_CLASS = YES_ERROR;
				CLANG_WARN_QUOTED_INCLUDE_IN_FRAMEWORK_HEADER = YES;
				CLANG_WARN_RANGE_LOOP_ANALYSIS = YES;
				CLANG_WARN_STRICT_PROTOTYPES = YES;
				CLANG_WARN_SUSPICIOUS_MOVE = YES;
				CLANG_WARN_UNGUARDED_AVAILABILITY = YES_AGGRESSIVE;
				CLANG_WARN_UNREACHABLE_CODE = YES;
				CLANG_WARN__DUPLICATE_METHOD_MATCH = YES;
				COPY_PHASE_STRIP = NO;
				DEBUG_INFORMATION_FORMAT = dwarf;
				ENABLE_STRICT_OBJC_MSGSEND = YES;
				ENABLE_TESTABILITY = YES;
				GCC_C_LANGUAGE_STANDARD = gnu11;
				GCC_DYNAMIC_NO_PIC = NO;
				GCC_NO_COMMON_BLOCKS = YES;
				GCC_OPTIMIZATION_LEVEL = 0;
				GCC_PREPROCESSOR_DEFINITIONS = (
					"$(inherited)",
					"DEBUG=1",
				);
				GCC_WARN_64_TO_32_BIT_CONVERSION = YES;
				GCC_WARN_ABOUT_RETURN_TYPE = YES_ERROR;
				GCC_WARN_UNDECLARED_SELECTOR = YES;
				GCC_WARN_UNINITIALIZED_AUTOS = YES_AGGRESSIVE;
				GCC_WARN_UNUSED_FUNCTION = YES;
				GCC_WARN_UNUSED_VARIABLE = YES;
				IPHONEOS_DEPLOYMENT_TARGET = 15.0;
				MTL_ENABLE_DEBUG_INFO = INCLUDE_SOURCE;
				MTL_FAST_MATH = YES;
				ONLY_ACTIVE_ARCH = YES;
				PRODUCT_NAME = "$(TARGET_NAME)";
				SDKROOT = iphoneos;
				SWIFT_ACTIVE_COMPILATION_CONDITIONS = DEBUG;
				SWIFT_OPTIMIZATION_LEVEL = "-Onone";
				SWIFT_VERSION = 5.0;
			};
			name = Debug;
		};
		87B17B5399C9FFE987AA9050 /* Debug */ = {
			isa = XCBuildConfiguration;
			buildSettings = {
				BUNDLE_LOADER = "$(TEST_HOST)";
				IPHONEOS_DEPLOYMENT_TARGET = 15.0;
				LD_RUNPATH_SEARCH_PATHS = (
					"$(inherited)",
					"@executable_path/Frameworks",
					"@loader_path/Frameworks",
				);
				PRODUCT_BUNDLE_IDENTIFIER = com.streamprobe.iosAppUITests;
				SDKROOT = iphoneos;
				SWIFT_VERSION = 5.0;
				TARGETED_DEVICE_FAMILY = "1,2";
				TEST_TARGET_NAME = iosApp;
			};
			name = Debug;
		};
		9221A1FDC06803E8A2FC6E61 /* Debug */ = {
			isa = XCBuildConfiguration;
			buildSettings = {
				ASSETCATALOG_COMPILER_APPICON_NAME = AppIcon;
				CODE_SIGN_IDENTITY = "iPhone Developer";
				FRAMEWORK_SEARCH_PATHS = (
					"$(inherited)",
					"\"../sdk/build/XCFrameworks/debug\"",
				);
				INFOPLIST_FILE = iosApp/Resources/Info.plist;
				IPHONEOS_DEPLOYMENT_TARGET = 15.0;
				LD_RUNPATH_SEARCH_PATHS = (
					"$(inherited)",
					"@executable_path/Frameworks",
				);
				PRODUCT_BUNDLE_IDENTIFIER = com.streamprobe.iosApp;
				SDKROOT = iphoneos;
				SWIFT_VERSION = 5.0;
				TARGETED_DEVICE_FAMILY = "1,2";
			};
			name = Debug;
		};
		AF835BFF1220CA5AB5B867E4 /* Release */ = {
			isa = XCBuildConfiguration;
			buildSettings = {
				ASSETCATALOG_COMPILER_APPICON_NAME = AppIcon;
				CODE_SIGN_IDENTITY = "iPhone Developer";
				FRAMEWORK_SEARCH_PATHS = (
					"$(inherited)",
					"\"../sdk/build/XCFrameworks/debug\"",
				);
				INFOPLIST_FILE = iosApp/Resources/Info.plist;
				IPHONEOS_DEPLOYMENT_TARGET = 15.0;
				LD_RUNPATH_SEARCH_PATHS = (
					"$(inherited)",
					"@executable_path/Frameworks",
				);
				PRODUCT_BUNDLE_IDENTIFIER = com.streamprobe.iosApp;
				SDKROOT = iphoneos;
				SWIFT_VERSION = 5.0;
				TARGETED_DEVICE_FAMILY = "1,2";
			};
			name = Release;
		};
/* End XCBuildConfiguration section */

/* Begin XCConfigurationList section */
		23A9D56B778ED352702A9EC4 /* Build configuration list for PBXNativeTarget "iosAppUITests" */ = {
			isa = XCConfigurationList;
			buildConfigurations = (
				87B17B5399C9FFE987AA9050 /* Debug */,
				68B872497F35811E133D4018 /* Release */,
			);
			defaultConfigurationIsVisible = 0;
			defaultConfigurationName = Debug;
		};
		29DCA9F0B3A40325067EB163 /* Build configuration list for PBXNativeTarget "iosApp" */ = {
			isa = XCConfigurationList;
			buildConfigurations = (
				9221A1FDC06803E8A2FC6E61 /* Debug */,
				AF835BFF1220CA5AB5B867E4 /* Release */,
			);
			defaultConfigurationIsVisible = 0;
			defaultConfigurationName = Debug;
		};
		D61171475B3FE2835E331C49 /* Build configuration list for PBXNativeTarget "iosAppTests" */ = {
			isa = XCConfigurationList;
			buildConfigurations = (
				24229CBC853481EF040BD930 /* Debug */,
				658C518871404178F6E62E6C /* Release */,
			);
			defaultConfigurationIsVisible = 0;
			defaultConfigurationName = Debug;
		};
		FF7CA1CA754D017066F1822F /* Build configuration list for PBXProject "iosApp" */ = {
			isa = XCConfigurationList;
			buildConfigurations = (
				6C824A6EB4BAD43AE2A4BB29 /* Debug */,
				11814011E7D6EC822BFBC66D /* Release */,
			);
			defaultConfigurationIsVisible = 0;
			defaultConfigurationName = Debug;
		};
/* End XCConfigurationList section */
	};
	rootObject = 242FB5348943441C388468CE /* Project object */;
}
